
Microsoft Visual Studio Solution File, Format Version 12.00
# Visual Studio Version 16
VisualStudioVersion = 16.0.28917.182
MinimumVisualStudioVersion = 10.0.40219.1
Project("{FAE04EC0-301F-11D3-BF4B-00C04F79EFBC}") = "BccAzureFunctions", "BccAzureFunctions.csproj", "{A6B6FA30-006F-45B0-B64C-F9C2BABFF7E2}"
EndProject
Global
	GlobalSection(SolutionConfigurationPlatforms) = preSolution
		Debug|Any CPU = Debug|Any CPU
		Release|Any CPU = Release|Any CPU
	EndGlobalSection
	GlobalSection(ProjectConfigurationPlatforms) = postSolution
		{A6B6FA30-006F-45B0-B64C-F9C2BABFF7E2}.Debug|Any CPU.ActiveCfg = Debug|Any CPU
		{A6B6FA30-006F-45B0-B64C-F9C2BABFF7E2}.Debug|Any CPU.Build.0 = Debug|Any CPU
		{A6B6FA30-006F-45B0-B64C-F9C2BABFF7E2}.Release|Any CPU.ActiveCfg = Release|Any CPU
		{A6B6FA30-006F-45B0-B64C-F9C2BABFF7E2}.Release|Any CPU.Build.0 = Release|Any CPU
	EndGlobalSection
	GlobalSection(SolutionProperties) = preSolution
		HideSolutionNode = FALSE
	EndGlobalSection
	GlobalSection(ExtensibilityGlobals) = postSolution
		SolutionGuid = {104F0E6A-1413-4AEA-971B-77418ADF561D}
	EndGlobalSection
EndGlobal
